<?xml version="1.0" encoding="utf-8"?>
<Project ToolsVersion="4.0" xmlns="http://schemas.microsoft.com/developer/msbuild/2003">
  <ItemGroup>
    <Filter Include="Source Files">
      <UniqueIdentifier>{4FC737F1-C7A5-4376-A066-2A32D752A2FF}</UniqueIdentifier>
      <Extensions>cpp;c;cc;cxx;def;odl;idl;hpj;bat;asm;asmx</Extensions>
    </Filter>
    <Filter Include="Header Files">
      <UniqueIdentifier>{93995380-89BD-4b04-88EB-625FBE52EBFB}</UniqueIdentifier>
      <Extensions>h;hpp;hxx;hm;inl;inc;xsd</Extensions>
    </Filter>
    <Filter Include="Resource Files">
      <UniqueIdentifier>{67DA6AB6-F800-4c08-8B7A-83BB121AAD01}</UniqueIdentifier>
      <Extensions>rc;ico;cur;bmp;dlg;rc2;rct;bin;rgs;gif;jpg;jpeg;jpe;resx;tiff;tif;png;wav</Extensions>
    </Filter>
    <Filter Include="Blocks">
      <UniqueIdentifier>{77F1E384-86B6-4455-AE43-1EBCE449B04C}</UniqueIdentifier>
    </Filter>
    <Filter Include="Blocks\LeapMotion">
      <UniqueIdentifier>{DF79C286-F789-450B-B0DD-24D3297744BA}</UniqueIdentifier>
    </Filter>
    <Filter Include="Blocks\LeapMotion\src">
      <UniqueIdentifier>{851B55EE-48EA-4293-AD87-49B8EAC0C214}</UniqueIdentifier>
    </Filter>
  </ItemGroup>
  <ItemGroup>
    <ClCompile Include="..\src\TermProjectApp.cpp">
      <Filter>Source Files</Filter>
    </ClCompile>
    <ClCompile Include="..\src\TermProjectApp.cpp">
      <Filter>Source Files</Filter>
    </ClCompile>
    <ClInclude Include="..\include\Resources.h">
      <Filter>Header Files</Filter>
    </ClInclude>
    <ClCompile Include="..\..\..\blocks\Cinder-LeapMotion-release\src\Cinder-LeapMotion.cpp">
      <Filter>Blocks\LeapMotion\src</Filter>
    </ClCompile>
    <ClInclude Include="..\..\..\blocks\Cinder-LeapMotion-release\src\Cinder-LeapMotion.h">
      <Filter>Blocks\LeapMotion\src</Filter>
    </ClInclude>
    <ClInclude Include="..\..\..\blocks\Cinder-LeapMotion-release\src\Leap.h">
      <Filter>Blocks\LeapMotion\src</Filter>
    </ClInclude>
    <ClInclude Include="..\..\..\blocks\Cinder-LeapMotion-release\src\LeapMath.h">
      <Filter>Blocks\LeapMotion\src</Filter>
    </ClInclude>
  </ItemGroup>
  <ItemGroup>
    <ClInclude Include="..\include\Resources.h">
      <Filter>Header Files</Filter>
    </ClInclude>
    <ClInclude Include="..\include\ProjectConstants.h">
      <Filter>Header Files</Filter>
    </ClInclude>
    <ClInclude Include="..\include\AssetManager.h">
      <Filter>Header Files</Filter>
    </ClInclude>
    <ClInclude Include="..\include\RingToss.h">
      <Filter>Header Files</Filter>
    </ClInclude>
    <ClInclude Include="..\include\Bubble.h">
      <Filter>Header Files</Filter>
    </ClInclude>
  </ItemGroup>
  <ItemGroup>
    <ResourceCompile Include="Resources.rc">
      <Filter>Resource Files</Filter>
    </ResourceCompile>
  </ItemGroup>
</Project>